
Microsoft Visual Studio Solution File, Format Version 12.00
# Visual Studio Version 16
VisualStudioVersion = 16.0.31624.102
MinimumVisualStudioVersion = 10.0.40219.1
Project("{FAE04EC0-301F-11D3-BF4B-00C04F79EFBC}") = "Hashing", "Hashing\Hashing.csproj", "{6CD999B8-2889-49E7-A03A-A0BA512B3252}"
EndProject
Global
	GlobalSection(SolutionConfigurationPlatforms) = preSolution
		Debug|Any CPU = Debug|Any CPU
		Release|Any CPU = Release|Any CPU
	EndGlobalSection
	GlobalSection(ProjectConfigurationPlatforms) = postSolution
		{6CD999B8-2889-49E7-A03A-A0BA512B3252}.Debug|Any CPU.ActiveCfg = Debug|Any CPU
		{6CD999B8-2889-49E7-A03A-A0BA512B3252}.Debug|Any CPU.Build.0 = Debug|Any CPU
		{6CD999B8-2889-49E7-A03A-A0BA512B3252}.Release|Any CPU.ActiveCfg = Release|Any CPU
		{6CD999B8-2889-49E7-A03A-A0BA512B3252}.Release|Any CPU.Build.0 = Release|Any CPU
	EndGlobalSection
	GlobalSection(SolutionProperties) = preSolution
		HideSolutionNode = FALSE
	EndGlobalSection
	GlobalSection(ExtensibilityGlobals) = postSolution
		SolutionGuid = {4C2AE9EF-ECD0-45EE-8789-4A6FAF189D96}
	EndGlobalSection
EndGlobal
